// !$*UTF8*$!
{
	archiveVersion = 1;
	classes = {
	};
	objectVersion = 46;
	objects = {

/* Begin PBXBuildFile section */
		FE54DC8E1D3778C400591F7B /* main.m in Sources */ = {isa = PBXBuildFile; fileRef = FE54DC8D1D3778C400591F7B /* main.m */; };
		FE54DC9E1D37894C00591F7B /* DemoComponent.m in Sources */ = {isa = PBXBuildFile; fileRef = FE54DC9D1D37894C00591F7B /* DemoComponent.m */; };
		FE54DCA11D378A1F00591F7B /* Leaf.m in Sources */ = {isa = PBXBuildFile; fileRef = FE54DCA01D378A1F00591F7B /* Leaf.m */; };
		FE54DCA41D378A3500591F7B /* Composite.m in Sources */ = {isa = PBXBuildFile; fileRef = FE54DCA31D378A3500591F7B /* Composite.m */; };
/* End PBXBuildFile section */

/* Begin PBXCopyFilesBuildPhase section */
		FE54DC881D3778C400591F7B /* CopyFiles */ = {
			isa = PBXCopyFilesBuildPhase;
			buildActionMask = 2147483647;
			dstPath = /usr/share/man/man1/;
			dstSubfolderSpec = 0;
			files = (
			);
			runOnlyForDeploymentPostprocessing = 1;
		};
/* End PBXCopyFilesBuildPhase section */

/* Begin PBXFileReference section */
		FE54DC8A1D3778C400591F7B /* Composite */ = {isa = PBXFileReference; explicitFileType = "compiled.mach-o.executable"; includeInIndex = 0; path = Composite; sourceTree = BUILT_PRODUCTS_DIR; };
		FE54DC8D1D3778C400591F7B /* main.m */ = {isa = PBXFileReference; lastKnownFileType = sourcecode.c.objc; path = main.m; sourceTree = "<group>"; };
		FE54DC941D3778D500591F7B /* ReadMe */ = {isa = PBXFileReference; fileEncoding = 4; lastKnownFileType = text; path = ReadMe; sourceTree = "<group>"; };
		FE54DC9C1D37894C00591F7B /* DemoComponent.h */ = {isa = PBXFileReference; fileEncoding = 4; lastKnownFileType = sourcecode.c.h; path = DemoComponent.h; sourceTree = "<group>"; };
		FE54DC9D1D37894C00591F7B /* DemoComponent.m */ = {isa = PBXFileReference; fileEncoding = 4; lastKnownFileType = sourcecode.c.objc; path = DemoComponent.m; sourceTree = "<group>"; };
		FE54DC9F1D378A1F00591F7B /* Leaf.h */ = {isa = PBXFileReference; fileEncoding = 4; lastKnownFileType = sourcecode.c.h; path = Leaf.h; sourceTree = "<group>"; };
		FE54DCA01D378A1F00591F7B /* Leaf.m */ = {isa = PBXFileReference; fileEncoding = 4; lastKnownFileType = sourcecode.c.objc; path = Leaf.m; sourceTree = "<group>"; };
		FE54DCA21D378A3500591F7B /* Composite.h */ = {isa = PBXFileReference; fileEncoding = 4; lastKnownFileType = sourcecode.c.h; path = Composite.h; sourceTree = "<group>"; };
		FE54DCA31D378A3500591F7B /* Composite.m */ = {isa = PBXFileReference; fileEncoding = 4; lastKnownFileType = sourcecode.c.objc; path = Composite.m; sourceTree = "<group>"; };
/* End PBXFileReference section */

/* Begin PBXFrameworksBuildPhase section */
		FE54DC871D3778C400591F7B /* Frameworks */ = {
			isa = PBXFrameworksBuildPhase;
			buildActionMask = 2147483647;
			files = (
			);
			runOnlyForDeploymentPostprocessing = 0;
		};
/* End PBXFrameworksBuildPhase section */

/* Begin PBXGroup section */
		FE54DC811D3778C400591F7B = {
			isa = PBXGroup;
			children = (
				FE54DC8C1D3778C400591F7B /* Composite */,
				FE54DC8B1D3778C400591F7B /* Products */,
			);
			sourceTree = "<group>";
		};
		FE54DC8B1D3778C400591F7B /* Products */ = {
			isa = PBXGroup;
			children = (
				FE54DC8A1D3778C400591F7B /* Composite */,
			);
			name = Products;
			sourceTree = "<group>";
		};
		FE54DC8C1D3778C400591F7B /* Composite */ = {
			isa = PBXGroup;
			children = (
				FE54DC951D3778E800591F7B /* Classes */,
				FE54DC8D1D3778C400591F7B /* main.m */,
				FE54DC941D3778D500591F7B /* ReadMe */,
			);
			path = Composite;
			sourceTree = "<group>";
		};
		FE54DC951D3778E800591F7B /* Classes */ = {
			isa = PBXGroup;
			children = (
				FE54DC9C1D37894C00591F7B /* DemoComponent.h */,
				FE54DC9D1D37894C00591F7B /* DemoComponent.m */,
				FE54DC9F1D378A1F00591F7B /* Leaf.h */,
				FE54DCA01D378A1F00591F7B /* Leaf.m */,
				FE54DCA21D378A3500591F7B /* Composite.h */,
				FE54DCA31D378A3500591F7B /* Composite.m */,
			);
			path = Classes;
			sourceTree = "<group>";
		};
/* End PBXGroup section */

/* Begin PBXNativeTarget section */
		FE54DC891D3778C400591F7B /* Composite */ = {
			isa = PBXNativeTarget;
			buildConfigurationList = FE54DC911D3778C400591F7B /* Build configuration list for PBXNativeTarget "Composite" */;
			buildPhases = (
				FE54DC861D3778C400591F7B /* Sources */,
				FE54DC871D3778C400591F7B /* Frameworks */,
				FE54DC881D3778C400591F7B /* CopyFiles */,
			);
			buildRules = (
			);
			dependencies = (
			);
			name = Composite;
			productName = Composite;
			productReference = FE54DC8A1D3778C400591F7B /* Composite */;
			productType = "com.apple.product-type.tool";
		};
/* End PBXNativeTarget section */

/* Begin PBXProject section */
		FE54DC821D3778C400591F7B /* Project object */ = {
			isa = PBXProject;
			attributes = {
				LastUpgradeCheck = 0730;
				ORGANIZATIONNAME = Aalen;
				TargetAttributes = {
					FE54DC891D3778C400591F7B = {
						CreatedOnToolsVersion = 7.3;
					};
				};
			};
			buildConfigurationList = FE54DC851D3778C400591F7B /* Build configuration list for PBXProject "Composite" */;
			compatibilityVersion = "Xcode 3.2";
			developmentRegion = English;
			hasScannedForEncodings = 0;
			knownRegions = (
				en,
			);
			mainGroup = FE54DC811D3778C400591F7B;
			productRefGroup = FE54DC8B1D3778C400591F7B /* Products */;
			projectDirPath = "";
			projectRoot = "";
			targets = (
				FE54DC891D3778C400591F7B /* Composite */,
			);
		};
/* End PBXProject section */

/* Begin PBXSourcesBuildPhase section */
		FE54DC861D3778C400591F7B /* Sources */ = {
			isa = PBXSourcesBuildPhase;
			buildActionMask = 2147483647;
			files = (
				FE54DCA11D378A1F00591F7B /* Leaf.m in Sources */,
				FE54DCA41D378A3500591F7B /* Composite.m in Sources */,
				FE54DC9E1D37894C00591F7B /* DemoComponent.m in Sources */,
				FE54DC8E1D3778C400591F7B /* main.m in Sources */,
			);
			runOnlyForDeploymentPostprocessing = 0;
		};
/* End PBXSourcesBuildPhase section */

/* Begin XCBuildConfiguration section */
		FE54DC8F1D3778C400591F7B /* Debug */ = {
			isa = XCBuildConfiguration;
			buildSettings = {
				ALWAYS_SEARCH_USER_PATHS = NO;
				CLANG_ANALYZER_NONNULL = YES;
				CLANG_CXX_LANGUAGE_STANDARD = "gnu++0x";
				CLANG_CXX_LIBRARY = "libc++";
				CLANG_ENABLE_MODULES = YES;
				CLANG_ENABLE_OBJC_ARC = YES;
				CLANG_WARN_BOOL_CONVERSION = YES;
				CLANG_WARN_CONSTANT_CONVERSION = YES;
				CLANG_WARN_DIRECT_OBJC_ISA_USAGE = YES_ERROR;
				CLANG_WARN_EMPTY_BODY = YES;
				CLANG_WARN_ENUM_CONVERSION = YES;
				CLANG_WARN_INT_CONVERSION = YES;
				CLANG_WARN_OBJC_ROOT_CLASS = YES_ERROR;
				CLANG_WARN_UNREACHABLE_CODE = YES;
				CLANG_WARN__DUPLICATE_METHOD_MATCH = YES;
				CODE_SIGN_IDENTITY = "-";
				COPY_PHASE_STRIP = NO;
				DEBUG_INFORMATION_FORMAT = dwarf;
				ENABLE_STRICT_OBJC_MSGSEND = YES;
				ENABLE_TESTABILITY = YES;
				GCC_C_LANGUAGE_STANDARD = gnu99;
				GCC_DYNAMIC_NO_PIC = NO;
				GCC_NO_COMMON_BLOCKS = YES;
				GCC_OPTIMIZATION_LEVEL = 0;
				GCC_PREPROCESSOR_DEFINITIONS = (
					"DEBUG=1",
					"$(inherited)",
				);
				GCC_WARN_64_TO_32_BIT_CONVERSION = YES;
				GCC_WARN_ABOUT_RETURN_TYPE = YES_ERROR;
				GCC_WARN_UNDECLARED_SELECTOR = YES;
				GCC_WARN_UNINITIALIZED_AUTOS = YES_AGGRESSIVE;
				GCC_WARN_UNUSED_FUNCTION = YES;
				GCC_WARN_UNUSED_VARIABLE = YES;
				MACOSX_DEPLOYMENT_TARGET = 10.11;
				MTL_ENABLE_DEBUG_INFO = YES;
				ONLY_ACTIVE_ARCH = YES;
				SDKROOT = macosx;
			};
			name = Debug;
		};
		FE54DC901D3778C400591F7B /* Release */ = {
			isa = XCBuildConfiguration;
			buildSettings = {
				ALWAYS_SEARCH_USER_PATHS = NO;
				CLANG_ANALYZER_NONNULL = YES;
				CLANG_CXX_LANGUAGE_STANDARD = "gnu++0x";
				CLANG_CXX_LIBRARY = "libc++";
				CLANG_ENABLE_MODULES = YES;
				CLANG_ENABLE_OBJC_ARC = YES;
				CLANG_WARN_BOOL_CONVERSION = YES;
				CLANG_WARN_CONSTANT_CONVERSION = YES;
				CLANG_WARN_DIRECT_OBJC_ISA_USAGE = YES_ERROR;
				CLANG_WARN_EMPTY_BODY = YES;
				CLANG_WARN_ENUM_CONVERSION = YES;
				CLANG_WARN_INT_CONVERSION = YES;
				CLANG_WARN_OBJC_ROOT_CLASS = YES_ERROR;
				CLANG_WARN_UNREACHABLE_CODE = YES;
				CLANG_WARN__DUPLICATE_METHOD_MATCH = YES;
				CODE_SIGN_IDENTITY = "-";
				COPY_PHASE_STRIP = NO;
				DEBUG_INFORMATION_FORMAT = "dwarf-with-dsym";
				ENABLE_NS_ASSERTIONS = NO;
				ENABLE_STRICT_OBJC_MSGSEND = YES;
				GCC_C_LANGUAGE_STANDARD = gnu99;
				GCC_NO_COMMON_BLOCKS = YES;
				GCC_WARN_64_TO_32_BIT_CONVERSION = YES;
				GCC_WARN_ABOUT_RETURN_TYPE = YES_ERROR;
				GCC_WARN_UNDECLARED_SELECTOR = YES;
				GCC_WARN_UNINITIALIZED_AUTOS = YES_AGGRESSIVE;
				GCC_WARN_UNUSED_FUNCTION = YES;
				GCC_WARN_UNUSED_VARIABLE = YES;
				MACOSX_DEPLOYMENT_TARGET = 10.11;
				MTL_ENABLE_DEBUG_INFO = NO;
				SDKROOT = macosx;
			};
			name = Release;
		};
		FE54DC921D3778C400591F7B /* Debug */ = {
			isa = XCBuildConfiguration;
			buildSettings = {
				PRODUCT_NAME = "$(TARGET_NAME)";
			};
			name = Debug;
		};
		FE54DC931D3778C400591F7B /* Release */ = {
			isa = XCBuildConfiguration;
			buildSettings = {
				PRODUCT_NAME = "$(TARGET_NAME)";
			};
			name = Release;
		};
/* End XCBuildConfiguration section */

/* Begin XCConfigurationList section */
		FE54DC851D3778C400591F7B /* Build configuration list for PBXProject "Composite" */ = {
			isa = XCConfigurationList;
			buildConfigurations = (
				FE54DC8F1D3778C400591F7B /* Debug */,
				FE54DC901D3778C400591F7B /* Release */,
			);
			defaultConfigurationIsVisible = 0;
			defaultConfigurationName = Release;
		};
		FE54DC911D3778C400591F7B /* Build configuration list for PBXNativeTarget "Composite" */ = {
			isa = XCConfigurationList;
			buildConfigurations = (
				FE54DC921D3778C400591F7B /* Debug */,
				FE54DC931D3778C400591F7B /* Release */,
			);
			defaultConfigurationIsVisible = 0;
		};
/* End XCConfigurationList section */
	};
	rootObject = FE54DC821D3778C400591F7B /* Project object */;
}
