// !$*UTF8*$!
{
	archiveVersion = 1;
	classes = {
	};
	objectVersion = 46;
	objects = {

/* Begin PBXBuildFile section */
		FE0D10FB1D4E440900402BD7 /* Baverage.m in Sources */ = {isa = PBXBuildFile; fileRef = FE0D10FA1D4E440900402BD7 /* Baverage.m */; };
		FE0D10FE1D4E445100402BD7 /* Espresso.m in Sources */ = {isa = PBXBuildFile; fileRef = FE0D10FD1D4E445100402BD7 /* Espresso.m */; };
		FE0D11041D4E464700402BD7 /* CondimentDecorator.m in Sources */ = {isa = PBXBuildFile; fileRef = FE0D11031D4E464700402BD7 /* CondimentDecorator.m */; };
		FE0D11071D4E479500402BD7 /* Mocha.m in Sources */ = {isa = PBXBuildFile; fileRef = FE0D11061D4E479500402BD7 /* Mocha.m */; };
		FE0D110A1D4E492A00402BD7 /* Milk.m in Sources */ = {isa = PBXBuildFile; fileRef = FE0D11091D4E492A00402BD7 /* Milk.m */; };
		FE0D110D1D4E49C100402BD7 /* HouseBlend.m in Sources */ = {isa = PBXBuildFile; fileRef = FE0D110C1D4E49C100402BD7 /* HouseBlend.m */; };
		FE0D11101D4E4A0300402BD7 /* Soy.m in Sources */ = {isa = PBXBuildFile; fileRef = FE0D110F1D4E4A0300402BD7 /* Soy.m */; };
		FEDBA1911D2B92A00098E5EB /* main.m in Sources */ = {isa = PBXBuildFile; fileRef = FEDBA1901D2B92A00098E5EB /* main.m */; };
		FEDBA19C1D2B9B600098E5EB /* ConcreteComponentPerson.m in Sources */ = {isa = PBXBuildFile; fileRef = FEDBA19B1D2B9B600098E5EB /* ConcreteComponentPerson.m */; };
		FEDBA19F1D2B9E410098E5EB /* Decorator.m in Sources */ = {isa = PBXBuildFile; fileRef = FEDBA19E1D2B9E410098E5EB /* Decorator.m */; };
		FEDBA1A21D2BA2ED0098E5EB /* ShirtDecorator.m in Sources */ = {isa = PBXBuildFile; fileRef = FEDBA1A11D2BA2ED0098E5EB /* ShirtDecorator.m */; };
		FEDBA1A51D2BA31C0098E5EB /* ThousersDecorator.m in Sources */ = {isa = PBXBuildFile; fileRef = FEDBA1A41D2BA31C0098E5EB /* ThousersDecorator.m */; };
		FEDBA1A81D2BA3310098E5EB /* ShoesDecorator.m in Sources */ = {isa = PBXBuildFile; fileRef = FEDBA1A71D2BA3310098E5EB /* ShoesDecorator.m */; };
		FEDBA1AB1D2BA34E0098E5EB /* SuitDecorator.m in Sources */ = {isa = PBXBuildFile; fileRef = FEDBA1AA1D2BA34E0098E5EB /* SuitDecorator.m */; };
		FEDBA1AE1D2BA3630098E5EB /* TieDecorator.m in Sources */ = {isa = PBXBuildFile; fileRef = FEDBA1AD1D2BA3630098E5EB /* TieDecorator.m */; };
/* End PBXBuildFile section */

/* Begin PBXCopyFilesBuildPhase section */
		FEDBA18B1D2B92A00098E5EB /* CopyFiles */ = {
			isa = PBXCopyFilesBuildPhase;
			buildActionMask = 2147483647;
			dstPath = /usr/share/man/man1/;
			dstSubfolderSpec = 0;
			files = (
			);
			runOnlyForDeploymentPostprocessing = 1;
		};
/* End PBXCopyFilesBuildPhase section */

/* Begin PBXFileReference section */
		FE0D10F91D4E440900402BD7 /* Baverage.h */ = {isa = PBXFileReference; fileEncoding = 4; lastKnownFileType = sourcecode.c.h; path = Baverage.h; sourceTree = "<group>"; };
		FE0D10FA1D4E440900402BD7 /* Baverage.m */ = {isa = PBXFileReference; fileEncoding = 4; lastKnownFileType = sourcecode.c.objc; path = Baverage.m; sourceTree = "<group>"; };
		FE0D10FC1D4E445100402BD7 /* Espresso.h */ = {isa = PBXFileReference; fileEncoding = 4; lastKnownFileType = sourcecode.c.h; path = Espresso.h; sourceTree = "<group>"; };
		FE0D10FD1D4E445100402BD7 /* Espresso.m */ = {isa = PBXFileReference; fileEncoding = 4; lastKnownFileType = sourcecode.c.objc; path = Espresso.m; sourceTree = "<group>"; };
		FE0D11021D4E464700402BD7 /* CondimentDecorator.h */ = {isa = PBXFileReference; fileEncoding = 4; lastKnownFileType = sourcecode.c.h; path = CondimentDecorator.h; sourceTree = "<group>"; };
		FE0D11031D4E464700402BD7 /* CondimentDecorator.m */ = {isa = PBXFileReference; fileEncoding = 4; lastKnownFileType = sourcecode.c.objc; path = CondimentDecorator.m; sourceTree = "<group>"; };
		FE0D11051D4E479500402BD7 /* Mocha.h */ = {isa = PBXFileReference; fileEncoding = 4; lastKnownFileType = sourcecode.c.h; path = Mocha.h; sourceTree = "<group>"; };
		FE0D11061D4E479500402BD7 /* Mocha.m */ = {isa = PBXFileReference; fileEncoding = 4; lastKnownFileType = sourcecode.c.objc; path = Mocha.m; sourceTree = "<group>"; };
		FE0D11081D4E492A00402BD7 /* Milk.h */ = {isa = PBXFileReference; fileEncoding = 4; lastKnownFileType = sourcecode.c.h; path = Milk.h; sourceTree = "<group>"; };
		FE0D11091D4E492A00402BD7 /* Milk.m */ = {isa = PBXFileReference; fileEncoding = 4; lastKnownFileType = sourcecode.c.objc; path = Milk.m; sourceTree = "<group>"; };
		FE0D110B1D4E49C100402BD7 /* HouseBlend.h */ = {isa = PBXFileReference; fileEncoding = 4; lastKnownFileType = sourcecode.c.h; path = HouseBlend.h; sourceTree = "<group>"; };
		FE0D110C1D4E49C100402BD7 /* HouseBlend.m */ = {isa = PBXFileReference; fileEncoding = 4; lastKnownFileType = sourcecode.c.objc; path = HouseBlend.m; sourceTree = "<group>"; };
		FE0D110E1D4E4A0300402BD7 /* Soy.h */ = {isa = PBXFileReference; fileEncoding = 4; lastKnownFileType = sourcecode.c.h; path = Soy.h; sourceTree = "<group>"; };
		FE0D110F1D4E4A0300402BD7 /* Soy.m */ = {isa = PBXFileReference; fileEncoding = 4; lastKnownFileType = sourcecode.c.objc; path = Soy.m; sourceTree = "<group>"; };
		FEDBA18D1D2B92A00098E5EB /* Decorator */ = {isa = PBXFileReference; explicitFileType = "compiled.mach-o.executable"; includeInIndex = 0; path = Decorator; sourceTree = BUILT_PRODUCTS_DIR; };
		FEDBA1901D2B92A00098E5EB /* main.m */ = {isa = PBXFileReference; lastKnownFileType = sourcecode.c.objc; path = main.m; sourceTree = "<group>"; };
		FEDBA1971D2B94F80098E5EB /* ReadMe */ = {isa = PBXFileReference; fileEncoding = 4; lastKnownFileType = text; path = ReadMe; sourceTree = "<group>"; };
		FEDBA1991D2B9B1E0098E5EB /* ComponentProtocol.h */ = {isa = PBXFileReference; lastKnownFileType = sourcecode.c.h; path = ComponentProtocol.h; sourceTree = "<group>"; };
		FEDBA19A1D2B9B600098E5EB /* ConcreteComponentPerson.h */ = {isa = PBXFileReference; fileEncoding = 4; lastKnownFileType = sourcecode.c.h; path = ConcreteComponentPerson.h; sourceTree = "<group>"; };
		FEDBA19B1D2B9B600098E5EB /* ConcreteComponentPerson.m */ = {isa = PBXFileReference; fileEncoding = 4; lastKnownFileType = sourcecode.c.objc; path = ConcreteComponentPerson.m; sourceTree = "<group>"; };
		FEDBA19D1D2B9E410098E5EB /* Decorator.h */ = {isa = PBXFileReference; fileEncoding = 4; lastKnownFileType = sourcecode.c.h; path = Decorator.h; sourceTree = "<group>"; };
		FEDBA19E1D2B9E410098E5EB /* Decorator.m */ = {isa = PBXFileReference; fileEncoding = 4; lastKnownFileType = sourcecode.c.objc; path = Decorator.m; sourceTree = "<group>"; };
		FEDBA1A01D2BA2ED0098E5EB /* ShirtDecorator.h */ = {isa = PBXFileReference; fileEncoding = 4; lastKnownFileType = sourcecode.c.h; path = ShirtDecorator.h; sourceTree = "<group>"; };
		FEDBA1A11D2BA2ED0098E5EB /* ShirtDecorator.m */ = {isa = PBXFileReference; fileEncoding = 4; lastKnownFileType = sourcecode.c.objc; path = ShirtDecorator.m; sourceTree = "<group>"; };
		FEDBA1A31D2BA31C0098E5EB /* ThousersDecorator.h */ = {isa = PBXFileReference; fileEncoding = 4; lastKnownFileType = sourcecode.c.h; path = ThousersDecorator.h; sourceTree = "<group>"; };
		FEDBA1A41D2BA31C0098E5EB /* ThousersDecorator.m */ = {isa = PBXFileReference; fileEncoding = 4; lastKnownFileType = sourcecode.c.objc; path = ThousersDecorator.m; sourceTree = "<group>"; };
		FEDBA1A61D2BA3310098E5EB /* ShoesDecorator.h */ = {isa = PBXFileReference; fileEncoding = 4; lastKnownFileType = sourcecode.c.h; path = ShoesDecorator.h; sourceTree = "<group>"; };
		FEDBA1A71D2BA3310098E5EB /* ShoesDecorator.m */ = {isa = PBXFileReference; fileEncoding = 4; lastKnownFileType = sourcecode.c.objc; path = ShoesDecorator.m; sourceTree = "<group>"; };
		FEDBA1A91D2BA34E0098E5EB /* SuitDecorator.h */ = {isa = PBXFileReference; fileEncoding = 4; lastKnownFileType = sourcecode.c.h; path = SuitDecorator.h; sourceTree = "<group>"; };
		FEDBA1AA1D2BA34E0098E5EB /* SuitDecorator.m */ = {isa = PBXFileReference; fileEncoding = 4; lastKnownFileType = sourcecode.c.objc; path = SuitDecorator.m; sourceTree = "<group>"; };
		FEDBA1AC1D2BA3630098E5EB /* TieDecorator.h */ = {isa = PBXFileReference; fileEncoding = 4; lastKnownFileType = sourcecode.c.h; path = TieDecorator.h; sourceTree = "<group>"; };
		FEDBA1AD1D2BA3630098E5EB /* TieDecorator.m */ = {isa = PBXFileReference; fileEncoding = 4; lastKnownFileType = sourcecode.c.objc; path = TieDecorator.m; sourceTree = "<group>"; };
/* End PBXFileReference section */

/* Begin PBXFrameworksBuildPhase section */
		FEDBA18A1D2B92A00098E5EB /* Frameworks */ = {
			isa = PBXFrameworksBuildPhase;
			buildActionMask = 2147483647;
			files = (
			);
			runOnlyForDeploymentPostprocessing = 0;
		};
/* End PBXFrameworksBuildPhase section */

/* Begin PBXGroup section */
		FE0D10F81D4E43DB00402BD7 /* Classes2 */ = {
			isa = PBXGroup;
			children = (
				FE0D10F91D4E440900402BD7 /* Baverage.h */,
				FE0D10FA1D4E440900402BD7 /* Baverage.m */,
				FE0D11021D4E464700402BD7 /* CondimentDecorator.h */,
				FE0D11031D4E464700402BD7 /* CondimentDecorator.m */,
				FE0D10FC1D4E445100402BD7 /* Espresso.h */,
				FE0D10FD1D4E445100402BD7 /* Espresso.m */,
				FE0D110B1D4E49C100402BD7 /* HouseBlend.h */,
				FE0D110C1D4E49C100402BD7 /* HouseBlend.m */,
				FE0D11051D4E479500402BD7 /* Mocha.h */,
				FE0D11061D4E479500402BD7 /* Mocha.m */,
				FE0D11081D4E492A00402BD7 /* Milk.h */,
				FE0D11091D4E492A00402BD7 /* Milk.m */,
				FE0D110E1D4E4A0300402BD7 /* Soy.h */,
				FE0D110F1D4E4A0300402BD7 /* Soy.m */,
			);
			path = Classes2;
			sourceTree = "<group>";
		};
		FEDBA1841D2B92A00098E5EB = {
			isa = PBXGroup;
			children = (
				FEDBA18F1D2B92A00098E5EB /* Decorator */,
				FEDBA18E1D2B92A00098E5EB /* Products */,
			);
			sourceTree = "<group>";
		};
		FEDBA18E1D2B92A00098E5EB /* Products */ = {
			isa = PBXGroup;
			children = (
				FEDBA18D1D2B92A00098E5EB /* Decorator */,
			);
			name = Products;
			sourceTree = "<group>";
		};
		FEDBA18F1D2B92A00098E5EB /* Decorator */ = {
			isa = PBXGroup;
			children = (
				FE0D10F81D4E43DB00402BD7 /* Classes2 */,
				FEDBA1981D2B9AF00098E5EB /* Classes */,
				FEDBA1901D2B92A00098E5EB /* main.m */,
				FEDBA1971D2B94F80098E5EB /* ReadMe */,
			);
			path = Decorator;
			sourceTree = "<group>";
		};
		FEDBA1981D2B9AF00098E5EB /* Classes */ = {
			isa = PBXGroup;
			children = (
				FEDBA1991D2B9B1E0098E5EB /* ComponentProtocol.h */,
				FEDBA19A1D2B9B600098E5EB /* ConcreteComponentPerson.h */,
				FEDBA19B1D2B9B600098E5EB /* ConcreteComponentPerson.m */,
				FEDBA19D1D2B9E410098E5EB /* Decorator.h */,
				FEDBA19E1D2B9E410098E5EB /* Decorator.m */,
				FEDBA1A01D2BA2ED0098E5EB /* ShirtDecorator.h */,
				FEDBA1A11D2BA2ED0098E5EB /* ShirtDecorator.m */,
				FEDBA1A31D2BA31C0098E5EB /* ThousersDecorator.h */,
				FEDBA1A41D2BA31C0098E5EB /* ThousersDecorator.m */,
				FEDBA1A61D2BA3310098E5EB /* ShoesDecorator.h */,
				FEDBA1A71D2BA3310098E5EB /* ShoesDecorator.m */,
				FEDBA1A91D2BA34E0098E5EB /* SuitDecorator.h */,
				FEDBA1AA1D2BA34E0098E5EB /* SuitDecorator.m */,
				FEDBA1AC1D2BA3630098E5EB /* TieDecorator.h */,
				FEDBA1AD1D2BA3630098E5EB /* TieDecorator.m */,
			);
			path = Classes;
			sourceTree = "<group>";
		};
/* End PBXGroup section */

/* Begin PBXNativeTarget section */
		FEDBA18C1D2B92A00098E5EB /* Decorator */ = {
			isa = PBXNativeTarget;
			buildConfigurationList = FEDBA1941D2B92A00098E5EB /* Build configuration list for PBXNativeTarget "Decorator" */;
			buildPhases = (
				FEDBA1891D2B92A00098E5EB /* Sources */,
				FEDBA18A1D2B92A00098E5EB /* Frameworks */,
				FEDBA18B1D2B92A00098E5EB /* CopyFiles */,
			);
			buildRules = (
			);
			dependencies = (
			);
			name = Decorator;
			productName = Decorator;
			productReference = FEDBA18D1D2B92A00098E5EB /* Decorator */;
			productType = "com.apple.product-type.tool";
		};
/* End PBXNativeTarget section */

/* Begin PBXProject section */
		FEDBA1851D2B92A00098E5EB /* Project object */ = {
			isa = PBXProject;
			attributes = {
				LastUpgradeCheck = 0730;
				ORGANIZATIONNAME = Aalen;
				TargetAttributes = {
					FEDBA18C1D2B92A00098E5EB = {
						CreatedOnToolsVersion = 7.3;
					};
				};
			};
			buildConfigurationList = FEDBA1881D2B92A00098E5EB /* Build configuration list for PBXProject "Decorator" */;
			compatibilityVersion = "Xcode 3.2";
			developmentRegion = English;
			hasScannedForEncodings = 0;
			knownRegions = (
				en,
			);
			mainGroup = FEDBA1841D2B92A00098E5EB;
			productRefGroup = FEDBA18E1D2B92A00098E5EB /* Products */;
			projectDirPath = "";
			projectRoot = "";
			targets = (
				FEDBA18C1D2B92A00098E5EB /* Decorator */,
			);
		};
/* End PBXProject section */

/* Begin PBXSourcesBuildPhase section */
		FEDBA1891D2B92A00098E5EB /* Sources */ = {
			isa = PBXSourcesBuildPhase;
			buildActionMask = 2147483647;
			files = (
				FE0D110A1D4E492A00402BD7 /* Milk.m in Sources */,
				FEDBA1A21D2BA2ED0098E5EB /* ShirtDecorator.m in Sources */,
				FEDBA1911D2B92A00098E5EB /* main.m in Sources */,
				FE0D11101D4E4A0300402BD7 /* Soy.m in Sources */,
				FEDBA1AB1D2BA34E0098E5EB /* SuitDecorator.m in Sources */,
				FEDBA1A51D2BA31C0098E5EB /* ThousersDecorator.m in Sources */,
				FEDBA19C1D2B9B600098E5EB /* ConcreteComponentPerson.m in Sources */,
				FEDBA1A81D2BA3310098E5EB /* ShoesDecorator.m in Sources */,
				FE0D11071D4E479500402BD7 /* Mocha.m in Sources */,
				FEDBA1AE1D2BA3630098E5EB /* TieDecorator.m in Sources */,
				FE0D10FE1D4E445100402BD7 /* Espresso.m in Sources */,
				FE0D10FB1D4E440900402BD7 /* Baverage.m in Sources */,
				FE0D11041D4E464700402BD7 /* CondimentDecorator.m in Sources */,
				FE0D110D1D4E49C100402BD7 /* HouseBlend.m in Sources */,
				FEDBA19F1D2B9E410098E5EB /* Decorator.m in Sources */,
			);
			runOnlyForDeploymentPostprocessing = 0;
		};
/* End PBXSourcesBuildPhase section */

/* Begin XCBuildConfiguration section */
		FEDBA1921D2B92A00098E5EB /* Debug */ = {
			isa = XCBuildConfiguration;
			buildSettings = {
				ALWAYS_SEARCH_USER_PATHS = NO;
				CLANG_ANALYZER_NONNULL = YES;
				CLANG_CXX_LANGUAGE_STANDARD = "gnu++0x";
				CLANG_CXX_LIBRARY = "libc++";
				CLANG_ENABLE_MODULES = YES;
				CLANG_ENABLE_OBJC_ARC = YES;
				CLANG_WARN_BOOL_CONVERSION = YES;
				CLANG_WARN_CONSTANT_CONVERSION = YES;
				CLANG_WARN_DIRECT_OBJC_ISA_USAGE = YES_ERROR;
				CLANG_WARN_EMPTY_BODY = YES;
				CLANG_WARN_ENUM_CONVERSION = YES;
				CLANG_WARN_INT_CONVERSION = YES;
				CLANG_WARN_OBJC_ROOT_CLASS = YES_ERROR;
				CLANG_WARN_UNREACHABLE_CODE = YES;
				CLANG_WARN__DUPLICATE_METHOD_MATCH = YES;
				CODE_SIGN_IDENTITY = "-";
				COPY_PHASE_STRIP = NO;
				DEBUG_INFORMATION_FORMAT = dwarf;
				ENABLE_STRICT_OBJC_MSGSEND = YES;
				ENABLE_TESTABILITY = YES;
				GCC_C_LANGUAGE_STANDARD = gnu99;
				GCC_DYNAMIC_NO_PIC = NO;
				GCC_NO_COMMON_BLOCKS = YES;
				GCC_OPTIMIZATION_LEVEL = 0;
				GCC_PREPROCESSOR_DEFINITIONS = (
					"DEBUG=1",
					"$(inherited)",
				);
				GCC_WARN_64_TO_32_BIT_CONVERSION = YES;
				GCC_WARN_ABOUT_RETURN_TYPE = YES_ERROR;
				GCC_WARN_UNDECLARED_SELECTOR = YES;
				GCC_WARN_UNINITIALIZED_AUTOS = YES_AGGRESSIVE;
				GCC_WARN_UNUSED_FUNCTION = YES;
				GCC_WARN_UNUSED_VARIABLE = YES;
				MACOSX_DEPLOYMENT_TARGET = 10.11;
				MTL_ENABLE_DEBUG_INFO = YES;
				ONLY_ACTIVE_ARCH = YES;
				SDKROOT = macosx;
			};
			name = Debug;
		};
		FEDBA1931D2B92A00098E5EB /* Release */ = {
			isa = XCBuildConfiguration;
			buildSettings = {
				ALWAYS_SEARCH_USER_PATHS = NO;
				CLANG_ANALYZER_NONNULL = YES;
				CLANG_CXX_LANGUAGE_STANDARD = "gnu++0x";
				CLANG_CXX_LIBRARY = "libc++";
				CLANG_ENABLE_MODULES = YES;
				CLANG_ENABLE_OBJC_ARC = YES;
				CLANG_WARN_BOOL_CONVERSION = YES;
				CLANG_WARN_CONSTANT_CONVERSION = YES;
				CLANG_WARN_DIRECT_OBJC_ISA_USAGE = YES_ERROR;
				CLANG_WARN_EMPTY_BODY = YES;
				CLANG_WARN_ENUM_CONVERSION = YES;
				CLANG_WARN_INT_CONVERSION = YES;
				CLANG_WARN_OBJC_ROOT_CLASS = YES_ERROR;
				CLANG_WARN_UNREACHABLE_CODE = YES;
				CLANG_WARN__DUPLICATE_METHOD_MATCH = YES;
				CODE_SIGN_IDENTITY = "-";
				COPY_PHASE_STRIP = NO;
				DEBUG_INFORMATION_FORMAT = "dwarf-with-dsym";
				ENABLE_NS_ASSERTIONS = NO;
				ENABLE_STRICT_OBJC_MSGSEND = YES;
				GCC_C_LANGUAGE_STANDARD = gnu99;
				GCC_NO_COMMON_BLOCKS = YES;
				GCC_WARN_64_TO_32_BIT_CONVERSION = YES;
				GCC_WARN_ABOUT_RETURN_TYPE = YES_ERROR;
				GCC_WARN_UNDECLARED_SELECTOR = YES;
				GCC_WARN_UNINITIALIZED_AUTOS = YES_AGGRESSIVE;
				GCC_WARN_UNUSED_FUNCTION = YES;
				GCC_WARN_UNUSED_VARIABLE = YES;
				MACOSX_DEPLOYMENT_TARGET = 10.11;
				MTL_ENABLE_DEBUG_INFO = NO;
				SDKROOT = macosx;
			};
			name = Release;
		};
		FEDBA1951D2B92A00098E5EB /* Debug */ = {
			isa = XCBuildConfiguration;
			buildSettings = {
				PRODUCT_NAME = "$(TARGET_NAME)";
			};
			name = Debug;
		};
		FEDBA1961D2B92A00098E5EB /* Release */ = {
			isa = XCBuildConfiguration;
			buildSettings = {
				PRODUCT_NAME = "$(TARGET_NAME)";
			};
			name = Release;
		};
/* End XCBuildConfiguration section */

/* Begin XCConfigurationList section */
		FEDBA1881D2B92A00098E5EB /* Build configuration list for PBXProject "Decorator" */ = {
			isa = XCConfigurationList;
			buildConfigurations = (
				FEDBA1921D2B92A00098E5EB /* Debug */,
				FEDBA1931D2B92A00098E5EB /* Release */,
			);
			defaultConfigurationIsVisible = 0;
			defaultConfigurationName = Release;
		};
		FEDBA1941D2B92A00098E5EB /* Build configuration list for PBXNativeTarget "Decorator" */ = {
			isa = XCConfigurationList;
			buildConfigurations = (
				FEDBA1951D2B92A00098E5EB /* Debug */,
				FEDBA1961D2B92A00098E5EB /* Release */,
			);
			defaultConfigurationIsVisible = 0;
			defaultConfigurationName = Release;
		};
/* End XCConfigurationList section */
	};
	rootObject = FEDBA1851D2B92A00098E5EB /* Project object */;
}
