// !$*UTF8*$!
{
	archiveVersion = 1;
	classes = {
	};
	objectVersion = 46;
	objects = {

/* Begin PBXBuildFile section */
		FE0D11261D4E56CE00402BD7 /* Flyweight.m in Sources */ = {isa = PBXBuildFile; fileRef = FE0D11251D4E56CE00402BD7 /* Flyweight.m */; };
		FE0D11291D4E577D00402BD7 /* ConcreteFlyweight.m in Sources */ = {isa = PBXBuildFile; fileRef = FE0D11281D4E577D00402BD7 /* ConcreteFlyweight.m */; };
		FE0D112C1D4E578C00402BD7 /* UnsharedConcreteFlyweight.m in Sources */ = {isa = PBXBuildFile; fileRef = FE0D112B1D4E578C00402BD7 /* UnsharedConcreteFlyweight.m */; };
		FE0D112F1D4E57A800402BD7 /* FlyweightFactory.m in Sources */ = {isa = PBXBuildFile; fileRef = FE0D112E1D4E57A800402BD7 /* FlyweightFactory.m */; };
		FE99A11E1D4BC6BB0094B0E0 /* main.m in Sources */ = {isa = PBXBuildFile; fileRef = FE99A11D1D4BC6BB0094B0E0 /* main.m */; };
/* End PBXBuildFile section */

/* Begin PBXCopyFilesBuildPhase section */
		FE99A1181D4BC6BB0094B0E0 /* CopyFiles */ = {
			isa = PBXCopyFilesBuildPhase;
			buildActionMask = 2147483647;
			dstPath = /usr/share/man/man1/;
			dstSubfolderSpec = 0;
			files = (
			);
			runOnlyForDeploymentPostprocessing = 1;
		};
/* End PBXCopyFilesBuildPhase section */

/* Begin PBXFileReference section */
		FE0D11241D4E56CE00402BD7 /* Flyweight.h */ = {isa = PBXFileReference; fileEncoding = 4; lastKnownFileType = sourcecode.c.h; path = Flyweight.h; sourceTree = "<group>"; };
		FE0D11251D4E56CE00402BD7 /* Flyweight.m */ = {isa = PBXFileReference; fileEncoding = 4; lastKnownFileType = sourcecode.c.objc; path = Flyweight.m; sourceTree = "<group>"; };
		FE0D11271D4E577D00402BD7 /* ConcreteFlyweight.h */ = {isa = PBXFileReference; fileEncoding = 4; lastKnownFileType = sourcecode.c.h; path = ConcreteFlyweight.h; sourceTree = "<group>"; };
		FE0D11281D4E577D00402BD7 /* ConcreteFlyweight.m */ = {isa = PBXFileReference; fileEncoding = 4; lastKnownFileType = sourcecode.c.objc; path = ConcreteFlyweight.m; sourceTree = "<group>"; };
		FE0D112A1D4E578C00402BD7 /* UnsharedConcreteFlyweight.h */ = {isa = PBXFileReference; fileEncoding = 4; lastKnownFileType = sourcecode.c.h; path = UnsharedConcreteFlyweight.h; sourceTree = "<group>"; };
		FE0D112B1D4E578C00402BD7 /* UnsharedConcreteFlyweight.m */ = {isa = PBXFileReference; fileEncoding = 4; lastKnownFileType = sourcecode.c.objc; path = UnsharedConcreteFlyweight.m; sourceTree = "<group>"; };
		FE0D112D1D4E57A800402BD7 /* FlyweightFactory.h */ = {isa = PBXFileReference; fileEncoding = 4; lastKnownFileType = sourcecode.c.h; path = FlyweightFactory.h; sourceTree = "<group>"; };
		FE0D112E1D4E57A800402BD7 /* FlyweightFactory.m */ = {isa = PBXFileReference; fileEncoding = 4; lastKnownFileType = sourcecode.c.objc; path = FlyweightFactory.m; sourceTree = "<group>"; };
		FE99A11A1D4BC6BB0094B0E0 /* Flyweight */ = {isa = PBXFileReference; explicitFileType = "compiled.mach-o.executable"; includeInIndex = 0; path = Flyweight; sourceTree = BUILT_PRODUCTS_DIR; };
		FE99A11D1D4BC6BB0094B0E0 /* main.m */ = {isa = PBXFileReference; lastKnownFileType = sourcecode.c.objc; path = main.m; sourceTree = "<group>"; };
		FE99A1241D4BC6D60094B0E0 /* ReadMe */ = {isa = PBXFileReference; fileEncoding = 4; lastKnownFileType = text; path = ReadMe; sourceTree = "<group>"; };
/* End PBXFileReference section */

/* Begin PBXFrameworksBuildPhase section */
		FE99A1171D4BC6BB0094B0E0 /* Frameworks */ = {
			isa = PBXFrameworksBuildPhase;
			buildActionMask = 2147483647;
			files = (
			);
			runOnlyForDeploymentPostprocessing = 0;
		};
/* End PBXFrameworksBuildPhase section */

/* Begin PBXGroup section */
		FE99A1111D4BC6BB0094B0E0 = {
			isa = PBXGroup;
			children = (
				FE99A11C1D4BC6BB0094B0E0 /* Flyweight */,
				FE99A11B1D4BC6BB0094B0E0 /* Products */,
			);
			sourceTree = "<group>";
		};
		FE99A11B1D4BC6BB0094B0E0 /* Products */ = {
			isa = PBXGroup;
			children = (
				FE99A11A1D4BC6BB0094B0E0 /* Flyweight */,
			);
			name = Products;
			sourceTree = "<group>";
		};
		FE99A11C1D4BC6BB0094B0E0 /* Flyweight */ = {
			isa = PBXGroup;
			children = (
				FE99A1251D4BC6EB0094B0E0 /* Classes */,
				FE99A11D1D4BC6BB0094B0E0 /* main.m */,
				FE99A1241D4BC6D60094B0E0 /* ReadMe */,
			);
			path = Flyweight;
			sourceTree = "<group>";
		};
		FE99A1251D4BC6EB0094B0E0 /* Classes */ = {
			isa = PBXGroup;
			children = (
				FE0D11241D4E56CE00402BD7 /* Flyweight.h */,
				FE0D11251D4E56CE00402BD7 /* Flyweight.m */,
				FE0D11271D4E577D00402BD7 /* ConcreteFlyweight.h */,
				FE0D11281D4E577D00402BD7 /* ConcreteFlyweight.m */,
				FE0D112A1D4E578C00402BD7 /* UnsharedConcreteFlyweight.h */,
				FE0D112B1D4E578C00402BD7 /* UnsharedConcreteFlyweight.m */,
				FE0D112D1D4E57A800402BD7 /* FlyweightFactory.h */,
				FE0D112E1D4E57A800402BD7 /* FlyweightFactory.m */,
			);
			path = Classes;
			sourceTree = "<group>";
		};
/* End PBXGroup section */

/* Begin PBXNativeTarget section */
		FE99A1191D4BC6BB0094B0E0 /* Flyweight */ = {
			isa = PBXNativeTarget;
			buildConfigurationList = FE99A1211D4BC6BB0094B0E0 /* Build configuration list for PBXNativeTarget "Flyweight" */;
			buildPhases = (
				FE99A1161D4BC6BB0094B0E0 /* Sources */,
				FE99A1171D4BC6BB0094B0E0 /* Frameworks */,
				FE99A1181D4BC6BB0094B0E0 /* CopyFiles */,
			);
			buildRules = (
			);
			dependencies = (
			);
			name = Flyweight;
			productName = Flyweight;
			productReference = FE99A11A1D4BC6BB0094B0E0 /* Flyweight */;
			productType = "com.apple.product-type.tool";
		};
/* End PBXNativeTarget section */

/* Begin PBXProject section */
		FE99A1121D4BC6BB0094B0E0 /* Project object */ = {
			isa = PBXProject;
			attributes = {
				LastUpgradeCheck = 0730;
				ORGANIZATIONNAME = Aalen;
				TargetAttributes = {
					FE99A1191D4BC6BB0094B0E0 = {
						CreatedOnToolsVersion = 7.3.1;
					};
				};
			};
			buildConfigurationList = FE99A1151D4BC6BB0094B0E0 /* Build configuration list for PBXProject "Flyweight" */;
			compatibilityVersion = "Xcode 3.2";
			developmentRegion = English;
			hasScannedForEncodings = 0;
			knownRegions = (
				en,
			);
			mainGroup = FE99A1111D4BC6BB0094B0E0;
			productRefGroup = FE99A11B1D4BC6BB0094B0E0 /* Products */;
			projectDirPath = "";
			projectRoot = "";
			targets = (
				FE99A1191D4BC6BB0094B0E0 /* Flyweight */,
			);
		};
/* End PBXProject section */

/* Begin PBXSourcesBuildPhase section */
		FE99A1161D4BC6BB0094B0E0 /* Sources */ = {
			isa = PBXSourcesBuildPhase;
			buildActionMask = 2147483647;
			files = (
				FE99A11E1D4BC6BB0094B0E0 /* main.m in Sources */,
				FE0D11291D4E577D00402BD7 /* ConcreteFlyweight.m in Sources */,
				FE0D112C1D4E578C00402BD7 /* UnsharedConcreteFlyweight.m in Sources */,
				FE0D112F1D4E57A800402BD7 /* FlyweightFactory.m in Sources */,
				FE0D11261D4E56CE00402BD7 /* Flyweight.m in Sources */,
			);
			runOnlyForDeploymentPostprocessing = 0;
		};
/* End PBXSourcesBuildPhase section */

/* Begin XCBuildConfiguration section */
		FE99A11F1D4BC6BB0094B0E0 /* Debug */ = {
			isa = XCBuildConfiguration;
			buildSettings = {
				ALWAYS_SEARCH_USER_PATHS = NO;
				CLANG_ANALYZER_NONNULL = YES;
				CLANG_CXX_LANGUAGE_STANDARD = "gnu++0x";
				CLANG_CXX_LIBRARY = "libc++";
				CLANG_ENABLE_MODULES = YES;
				CLANG_ENABLE_OBJC_ARC = YES;
				CLANG_WARN_BOOL_CONVERSION = YES;
				CLANG_WARN_CONSTANT_CONVERSION = YES;
				CLANG_WARN_DIRECT_OBJC_ISA_USAGE = YES_ERROR;
				CLANG_WARN_EMPTY_BODY = YES;
				CLANG_WARN_ENUM_CONVERSION = YES;
				CLANG_WARN_INT_CONVERSION = YES;
				CLANG_WARN_OBJC_ROOT_CLASS = YES_ERROR;
				CLANG_WARN_UNREACHABLE_CODE = YES;
				CLANG_WARN__DUPLICATE_METHOD_MATCH = YES;
				CODE_SIGN_IDENTITY = "-";
				COPY_PHASE_STRIP = NO;
				DEBUG_INFORMATION_FORMAT = dwarf;
				ENABLE_STRICT_OBJC_MSGSEND = YES;
				ENABLE_TESTABILITY = YES;
				GCC_C_LANGUAGE_STANDARD = gnu99;
				GCC_DYNAMIC_NO_PIC = NO;
				GCC_NO_COMMON_BLOCKS = YES;
				GCC_OPTIMIZATION_LEVEL = 0;
				GCC_PREPROCESSOR_DEFINITIONS = (
					"DEBUG=1",
					"$(inherited)",
				);
				GCC_WARN_64_TO_32_BIT_CONVERSION = YES;
				GCC_WARN_ABOUT_RETURN_TYPE = YES_ERROR;
				GCC_WARN_UNDECLARED_SELECTOR = YES;
				GCC_WARN_UNINITIALIZED_AUTOS = YES_AGGRESSIVE;
				GCC_WARN_UNUSED_FUNCTION = YES;
				GCC_WARN_UNUSED_VARIABLE = YES;
				MACOSX_DEPLOYMENT_TARGET = 10.11;
				MTL_ENABLE_DEBUG_INFO = YES;
				ONLY_ACTIVE_ARCH = YES;
				SDKROOT = macosx;
			};
			name = Debug;
		};
		FE99A1201D4BC6BB0094B0E0 /* Release */ = {
			isa = XCBuildConfiguration;
			buildSettings = {
				ALWAYS_SEARCH_USER_PATHS = NO;
				CLANG_ANALYZER_NONNULL = YES;
				CLANG_CXX_LANGUAGE_STANDARD = "gnu++0x";
				CLANG_CXX_LIBRARY = "libc++";
				CLANG_ENABLE_MODULES = YES;
				CLANG_ENABLE_OBJC_ARC = YES;
				CLANG_WARN_BOOL_CONVERSION = YES;
				CLANG_WARN_CONSTANT_CONVERSION = YES;
				CLANG_WARN_DIRECT_OBJC_ISA_USAGE = YES_ERROR;
				CLANG_WARN_EMPTY_BODY = YES;
				CLANG_WARN_ENUM_CONVERSION = YES;
				CLANG_WARN_INT_CONVERSION = YES;
				CLANG_WARN_OBJC_ROOT_CLASS = YES_ERROR;
				CLANG_WARN_UNREACHABLE_CODE = YES;
				CLANG_WARN__DUPLICATE_METHOD_MATCH = YES;
				CODE_SIGN_IDENTITY = "-";
				COPY_PHASE_STRIP = NO;
				DEBUG_INFORMATION_FORMAT = "dwarf-with-dsym";
				ENABLE_NS_ASSERTIONS = NO;
				ENABLE_STRICT_OBJC_MSGSEND = YES;
				GCC_C_LANGUAGE_STANDARD = gnu99;
				GCC_NO_COMMON_BLOCKS = YES;
				GCC_WARN_64_TO_32_BIT_CONVERSION = YES;
				GCC_WARN_ABOUT_RETURN_TYPE = YES_ERROR;
				GCC_WARN_UNDECLARED_SELECTOR = YES;
				GCC_WARN_UNINITIALIZED_AUTOS = YES_AGGRESSIVE;
				GCC_WARN_UNUSED_FUNCTION = YES;
				GCC_WARN_UNUSED_VARIABLE = YES;
				MACOSX_DEPLOYMENT_TARGET = 10.11;
				MTL_ENABLE_DEBUG_INFO = NO;
				SDKROOT = macosx;
			};
			name = Release;
		};
		FE99A1221D4BC6BB0094B0E0 /* Debug */ = {
			isa = XCBuildConfiguration;
			buildSettings = {
				PRODUCT_NAME = "$(TARGET_NAME)";
			};
			name = Debug;
		};
		FE99A1231D4BC6BB0094B0E0 /* Release */ = {
			isa = XCBuildConfiguration;
			buildSettings = {
				PRODUCT_NAME = "$(TARGET_NAME)";
			};
			name = Release;
		};
/* End XCBuildConfiguration section */

/* Begin XCConfigurationList section */
		FE99A1151D4BC6BB0094B0E0 /* Build configuration list for PBXProject "Flyweight" */ = {
			isa = XCConfigurationList;
			buildConfigurations = (
				FE99A11F1D4BC6BB0094B0E0 /* Debug */,
				FE99A1201D4BC6BB0094B0E0 /* Release */,
			);
			defaultConfigurationIsVisible = 0;
			defaultConfigurationName = Release;
		};
		FE99A1211D4BC6BB0094B0E0 /* Build configuration list for PBXNativeTarget "Flyweight" */ = {
			isa = XCConfigurationList;
			buildConfigurations = (
				FE99A1221D4BC6BB0094B0E0 /* Debug */,
				FE99A1231D4BC6BB0094B0E0 /* Release */,
			);
			defaultConfigurationIsVisible = 0;
			defaultConfigurationName = Release;
		};
/* End XCConfigurationList section */
	};
	rootObject = FE99A1121D4BC6BB0094B0E0 /* Project object */;
}
