// !$*UTF8*$!
{
	archiveVersion = 1;
	classes = {
	};
	objectVersion = 46;
	objects = {

/* Begin PBXBuildFile section */
		FE54DC701D37699E00591F7B /* main.m in Sources */ = {isa = PBXBuildFile; fileRef = FE54DC6F1D37699E00591F7B /* main.m */; };
		FE54DC7A1D376D8B00591F7B /* Player.m in Sources */ = {isa = PBXBuildFile; fileRef = FE54DC791D376D8B00591F7B /* Player.m */; };
		FE54DC7D1D376E6300591F7B /* RoleStateMemento.m in Sources */ = {isa = PBXBuildFile; fileRef = FE54DC7C1D376E6300591F7B /* RoleStateMemento.m */; };
		FE54DC801D37725400591F7B /* MementoManager.m in Sources */ = {isa = PBXBuildFile; fileRef = FE54DC7F1D37725400591F7B /* MementoManager.m */; };
/* End PBXBuildFile section */

/* Begin PBXCopyFilesBuildPhase section */
		FE54DC6A1D37699E00591F7B /* CopyFiles */ = {
			isa = PBXCopyFilesBuildPhase;
			buildActionMask = 2147483647;
			dstPath = /usr/share/man/man1/;
			dstSubfolderSpec = 0;
			files = (
			);
			runOnlyForDeploymentPostprocessing = 1;
		};
/* End PBXCopyFilesBuildPhase section */

/* Begin PBXFileReference section */
		FE54DC6C1D37699E00591F7B /* Memento */ = {isa = PBXFileReference; explicitFileType = "compiled.mach-o.executable"; includeInIndex = 0; path = Memento; sourceTree = BUILT_PRODUCTS_DIR; };
		FE54DC6F1D37699E00591F7B /* main.m */ = {isa = PBXFileReference; lastKnownFileType = sourcecode.c.objc; path = main.m; sourceTree = "<group>"; };
		FE54DC761D3769CA00591F7B /* ReadMe */ = {isa = PBXFileReference; fileEncoding = 4; lastKnownFileType = text; path = ReadMe; sourceTree = "<group>"; };
		FE54DC781D376D8B00591F7B /* Player.h */ = {isa = PBXFileReference; fileEncoding = 4; lastKnownFileType = sourcecode.c.h; path = Player.h; sourceTree = "<group>"; };
		FE54DC791D376D8B00591F7B /* Player.m */ = {isa = PBXFileReference; fileEncoding = 4; lastKnownFileType = sourcecode.c.objc; path = Player.m; sourceTree = "<group>"; };
		FE54DC7B1D376E6300591F7B /* RoleStateMemento.h */ = {isa = PBXFileReference; fileEncoding = 4; lastKnownFileType = sourcecode.c.h; path = RoleStateMemento.h; sourceTree = "<group>"; };
		FE54DC7C1D376E6300591F7B /* RoleStateMemento.m */ = {isa = PBXFileReference; fileEncoding = 4; lastKnownFileType = sourcecode.c.objc; path = RoleStateMemento.m; sourceTree = "<group>"; };
		FE54DC7E1D37725400591F7B /* MementoManager.h */ = {isa = PBXFileReference; fileEncoding = 4; lastKnownFileType = sourcecode.c.h; path = MementoManager.h; sourceTree = "<group>"; };
		FE54DC7F1D37725400591F7B /* MementoManager.m */ = {isa = PBXFileReference; fileEncoding = 4; lastKnownFileType = sourcecode.c.objc; path = MementoManager.m; sourceTree = "<group>"; };
/* End PBXFileReference section */

/* Begin PBXFrameworksBuildPhase section */
		FE54DC691D37699E00591F7B /* Frameworks */ = {
			isa = PBXFrameworksBuildPhase;
			buildActionMask = 2147483647;
			files = (
			);
			runOnlyForDeploymentPostprocessing = 0;
		};
/* End PBXFrameworksBuildPhase section */

/* Begin PBXGroup section */
		FE54DC631D37699E00591F7B = {
			isa = PBXGroup;
			children = (
				FE54DC6E1D37699E00591F7B /* Memento */,
				FE54DC6D1D37699E00591F7B /* Products */,
			);
			sourceTree = "<group>";
		};
		FE54DC6D1D37699E00591F7B /* Products */ = {
			isa = PBXGroup;
			children = (
				FE54DC6C1D37699E00591F7B /* Memento */,
			);
			name = Products;
			sourceTree = "<group>";
		};
		FE54DC6E1D37699E00591F7B /* Memento */ = {
			isa = PBXGroup;
			children = (
				FE54DC771D3769E000591F7B /* Classes */,
				FE54DC6F1D37699E00591F7B /* main.m */,
				FE54DC761D3769CA00591F7B /* ReadMe */,
			);
			path = Memento;
			sourceTree = "<group>";
		};
		FE54DC771D3769E000591F7B /* Classes */ = {
			isa = PBXGroup;
			children = (
				FE54DC781D376D8B00591F7B /* Player.h */,
				FE54DC791D376D8B00591F7B /* Player.m */,
				FE54DC7B1D376E6300591F7B /* RoleStateMemento.h */,
				FE54DC7C1D376E6300591F7B /* RoleStateMemento.m */,
				FE54DC7E1D37725400591F7B /* MementoManager.h */,
				FE54DC7F1D37725400591F7B /* MementoManager.m */,
			);
			path = Classes;
			sourceTree = "<group>";
		};
/* End PBXGroup section */

/* Begin PBXNativeTarget section */
		FE54DC6B1D37699E00591F7B /* Memento */ = {
			isa = PBXNativeTarget;
			buildConfigurationList = FE54DC731D37699E00591F7B /* Build configuration list for PBXNativeTarget "Memento" */;
			buildPhases = (
				FE54DC681D37699E00591F7B /* Sources */,
				FE54DC691D37699E00591F7B /* Frameworks */,
				FE54DC6A1D37699E00591F7B /* CopyFiles */,
			);
			buildRules = (
			);
			dependencies = (
			);
			name = Memento;
			productName = Memento;
			productReference = FE54DC6C1D37699E00591F7B /* Memento */;
			productType = "com.apple.product-type.tool";
		};
/* End PBXNativeTarget section */

/* Begin PBXProject section */
		FE54DC641D37699E00591F7B /* Project object */ = {
			isa = PBXProject;
			attributes = {
				LastUpgradeCheck = 0730;
				ORGANIZATIONNAME = Aalen;
				TargetAttributes = {
					FE54DC6B1D37699E00591F7B = {
						CreatedOnToolsVersion = 7.3;
					};
				};
			};
			buildConfigurationList = FE54DC671D37699E00591F7B /* Build configuration list for PBXProject "Memento" */;
			compatibilityVersion = "Xcode 3.2";
			developmentRegion = English;
			hasScannedForEncodings = 0;
			knownRegions = (
				en,
			);
			mainGroup = FE54DC631D37699E00591F7B;
			productRefGroup = FE54DC6D1D37699E00591F7B /* Products */;
			projectDirPath = "";
			projectRoot = "";
			targets = (
				FE54DC6B1D37699E00591F7B /* Memento */,
			);
		};
/* End PBXProject section */

/* Begin PBXSourcesBuildPhase section */
		FE54DC681D37699E00591F7B /* Sources */ = {
			isa = PBXSourcesBuildPhase;
			buildActionMask = 2147483647;
			files = (
				FE54DC7D1D376E6300591F7B /* RoleStateMemento.m in Sources */,
				FE54DC7A1D376D8B00591F7B /* Player.m in Sources */,
				FE54DC701D37699E00591F7B /* main.m in Sources */,
				FE54DC801D37725400591F7B /* MementoManager.m in Sources */,
			);
			runOnlyForDeploymentPostprocessing = 0;
		};
/* End PBXSourcesBuildPhase section */

/* Begin XCBuildConfiguration section */
		FE54DC711D37699E00591F7B /* Debug */ = {
			isa = XCBuildConfiguration;
			buildSettings = {
				ALWAYS_SEARCH_USER_PATHS = NO;
				CLANG_ANALYZER_NONNULL = YES;
				CLANG_CXX_LANGUAGE_STANDARD = "gnu++0x";
				CLANG_CXX_LIBRARY = "libc++";
				CLANG_ENABLE_MODULES = YES;
				CLANG_ENABLE_OBJC_ARC = YES;
				CLANG_WARN_BOOL_CONVERSION = YES;
				CLANG_WARN_CONSTANT_CONVERSION = YES;
				CLANG_WARN_DIRECT_OBJC_ISA_USAGE = YES_ERROR;
				CLANG_WARN_EMPTY_BODY = YES;
				CLANG_WARN_ENUM_CONVERSION = YES;
				CLANG_WARN_INT_CONVERSION = YES;
				CLANG_WARN_OBJC_ROOT_CLASS = YES_ERROR;
				CLANG_WARN_UNREACHABLE_CODE = YES;
				CLANG_WARN__DUPLICATE_METHOD_MATCH = YES;
				CODE_SIGN_IDENTITY = "-";
				COPY_PHASE_STRIP = NO;
				DEBUG_INFORMATION_FORMAT = dwarf;
				ENABLE_STRICT_OBJC_MSGSEND = YES;
				ENABLE_TESTABILITY = YES;
				GCC_C_LANGUAGE_STANDARD = gnu99;
				GCC_DYNAMIC_NO_PIC = NO;
				GCC_NO_COMMON_BLOCKS = YES;
				GCC_OPTIMIZATION_LEVEL = 0;
				GCC_PREPROCESSOR_DEFINITIONS = (
					"DEBUG=1",
					"$(inherited)",
				);
				GCC_WARN_64_TO_32_BIT_CONVERSION = YES;
				GCC_WARN_ABOUT_RETURN_TYPE = YES_ERROR;
				GCC_WARN_UNDECLARED_SELECTOR = YES;
				GCC_WARN_UNINITIALIZED_AUTOS = YES_AGGRESSIVE;
				GCC_WARN_UNUSED_FUNCTION = YES;
				GCC_WARN_UNUSED_VARIABLE = YES;
				MACOSX_DEPLOYMENT_TARGET = 10.11;
				MTL_ENABLE_DEBUG_INFO = YES;
				ONLY_ACTIVE_ARCH = YES;
				SDKROOT = macosx;
			};
			name = Debug;
		};
		FE54DC721D37699E00591F7B /* Release */ = {
			isa = XCBuildConfiguration;
			buildSettings = {
				ALWAYS_SEARCH_USER_PATHS = NO;
				CLANG_ANALYZER_NONNULL = YES;
				CLANG_CXX_LANGUAGE_STANDARD = "gnu++0x";
				CLANG_CXX_LIBRARY = "libc++";
				CLANG_ENABLE_MODULES = YES;
				CLANG_ENABLE_OBJC_ARC = YES;
				CLANG_WARN_BOOL_CONVERSION = YES;
				CLANG_WARN_CONSTANT_CONVERSION = YES;
				CLANG_WARN_DIRECT_OBJC_ISA_USAGE = YES_ERROR;
				CLANG_WARN_EMPTY_BODY = YES;
				CLANG_WARN_ENUM_CONVERSION = YES;
				CLANG_WARN_INT_CONVERSION = YES;
				CLANG_WARN_OBJC_ROOT_CLASS = YES_ERROR;
				CLANG_WARN_UNREACHABLE_CODE = YES;
				CLANG_WARN__DUPLICATE_METHOD_MATCH = YES;
				CODE_SIGN_IDENTITY = "-";
				COPY_PHASE_STRIP = NO;
				DEBUG_INFORMATION_FORMAT = "dwarf-with-dsym";
				ENABLE_NS_ASSERTIONS = NO;
				ENABLE_STRICT_OBJC_MSGSEND = YES;
				GCC_C_LANGUAGE_STANDARD = gnu99;
				GCC_NO_COMMON_BLOCKS = YES;
				GCC_WARN_64_TO_32_BIT_CONVERSION = YES;
				GCC_WARN_ABOUT_RETURN_TYPE = YES_ERROR;
				GCC_WARN_UNDECLARED_SELECTOR = YES;
				GCC_WARN_UNINITIALIZED_AUTOS = YES_AGGRESSIVE;
				GCC_WARN_UNUSED_FUNCTION = YES;
				GCC_WARN_UNUSED_VARIABLE = YES;
				MACOSX_DEPLOYMENT_TARGET = 10.11;
				MTL_ENABLE_DEBUG_INFO = NO;
				SDKROOT = macosx;
			};
			name = Release;
		};
		FE54DC741D37699E00591F7B /* Debug */ = {
			isa = XCBuildConfiguration;
			buildSettings = {
				PRODUCT_NAME = "$(TARGET_NAME)";
			};
			name = Debug;
		};
		FE54DC751D37699E00591F7B /* Release */ = {
			isa = XCBuildConfiguration;
			buildSettings = {
				PRODUCT_NAME = "$(TARGET_NAME)";
			};
			name = Release;
		};
/* End XCBuildConfiguration section */

/* Begin XCConfigurationList section */
		FE54DC671D37699E00591F7B /* Build configuration list for PBXProject "Memento" */ = {
			isa = XCConfigurationList;
			buildConfigurations = (
				FE54DC711D37699E00591F7B /* Debug */,
				FE54DC721D37699E00591F7B /* Release */,
			);
			defaultConfigurationIsVisible = 0;
			defaultConfigurationName = Release;
		};
		FE54DC731D37699E00591F7B /* Build configuration list for PBXNativeTarget "Memento" */ = {
			isa = XCConfigurationList;
			buildConfigurations = (
				FE54DC741D37699E00591F7B /* Debug */,
				FE54DC751D37699E00591F7B /* Release */,
			);
			defaultConfigurationIsVisible = 0;
		};
/* End XCConfigurationList section */
	};
	rootObject = FE54DC641D37699E00591F7B /* Project object */;
}
